// !$*UTF8*$!
{
	archiveVersion = 1;
	classes = {
	};
	objectVersion = 77;
	objects = {

/* Begin PBXContainerItemProxy section */
		D31B51012CA38D3600F28C47 /* PBXContainerItemProxy */ = {
			isa = PBXContainerItemProxy;
			containerPortal = D31B50E72CA38D3400F28C47 /* Project object */;
			proxyType = 1;
			remoteGlobalIDString = D31B50EE2CA38D3400F28C47;
			remoteInfo = DiskFree;
		};
		D31B510B2CA38D3600F28C47 /* PBXContainerItemProxy */ = {
			isa = PBXContainerItemProxy;
			containerPortal = D31B50E72CA38D3400F28C47 /* Project object */;
			proxyType = 1;
			remoteGlobalIDString = D31B50EE2CA38D3400F28C47;
			remoteInfo = DiskFree;
		};
/* End PBXContainerItemProxy section */

/* Begin PBXFileReference section */
		D31B50EF2CA38D3400F28C47 /* DiskFree.app */ = {isa = PBXFileReference; explicitFileType = wrapper.application; includeInIndex = 0; path = DiskFree.app; sourceTree = BUILT_PRODUCTS_DIR; };
		D31B51002CA38D3600F28C47 /* DiskFreeTests.xctest */ = {isa = PBXFileReference; explicitFileType = wrapper.cfbundle; includeInIndex = 0; path = DiskFreeTests.xctest; sourceTree = BUILT_PRODUCTS_DIR; };
		D31B510A2CA38D3600F28C47 /* DiskFreeUITests.xctest */ = {isa = PBXFileReference; explicitFileType = wrapper.cfbundle; includeInIndex = 0; path = DiskFreeUITests.xctest; sourceTree = BUILT_PRODUCTS_DIR; };
/* End PBXFileReference section */

/* Begin PBXFileSystemSynchronizedRootGroup section */
		D31B50F12CA38D3400F28C47 /* DiskFree */ = {
			isa = PBXFileSystemSynchronizedRootGroup;
			path = DiskFree;
			sourceTree = "<group>";
		};
		D31B51032CA38D3600F28C47 /* DiskFreeTests */ = {
			isa = PBXFileSystemSynchronizedRootGroup;
			path = DiskFreeTests;
			sourceTree = "<group>";
		};
		D31B510D2CA38D3600F28C47 /* DiskFreeUITests */ = {
			isa = PBXFileSystemSynchronizedRootGroup;
			path = DiskFreeUITests;
			sourceTree = "<group>";
		};
/* End PBXFileSystemSynchronizedRootGroup section */

/* Begin PBXFrameworksBuildPhase section */
		D31B50EC2CA38D3400F28C47 /* Frameworks */ = {
			isa = PBXFrameworksBuildPhase;
			buildActionMask = 2147483647;
			files = (
			);
			runOnlyForDeploymentPostprocessing = 0;
		};
		D31B50FD2CA38D3600F28C47 /* Frameworks */ = {
			isa = PBXFrameworksBuildPhase;
			buildActionMask = 2147483647;
			files = (
			);
			runOnlyForDeploymentPostprocessing = 0;
		};
		D31B51072CA38D3600F28C47 /* Frameworks */ = {
			isa = PBXFrameworksBuildPhase;
			buildActionMask = 2147483647;
			files = (
			);
			runOnlyForDeploymentPostprocessing = 0;
		};
/* End PBXFrameworksBuildPhase section */

/* Begin PBXGroup section */
		D31B50E62CA38D3400F28C47 = {
			isa = PBXGroup;
			children = (
				D31B50F12CA38D3400F28C47 /* DiskFree */,
				D31B51032CA38D3600F28C47 /* DiskFreeTests */,
				D31B510D2CA38D3600F28C47 /* DiskFreeUITests */,
				D31B50F02CA38D3400F28C47 /* Products */,
			);
			sourceTree = "<group>";
		};
		D31B50F02CA38D3400F28C47 /* Products */ = {
			isa = PBXGroup;
			children = (
				D31B50EF2CA38D3400F28C47 /* DiskFree.app */,
				D31B51002CA38D3600F28C47 /* DiskFreeTests.xctest */,
				D31B510A2CA38D3600F28C47 /* DiskFreeUITests.xctest */,
			);
			name = Products;
			sourceTree = "<group>";
		};
/* End PBXGroup section */

/* Begin PBXNativeTarget section */
		D31B50EE2CA38D3400F28C47 /* DiskFree */ = {
			isa = PBXNativeTarget;
			buildConfigurationList = D31B51142CA38D3600F28C47 /* Build configuration list for PBXNativeTarget "DiskFree" */;
			buildPhases = (
				D31B50EB2CA38D3400F28C47 /* Sources */,
				D31B50EC2CA38D3400F28C47 /* Frameworks */,
				D31B50ED2CA38D3400F28C47 /* Resources */,
			);
			buildRules = (
			);
			dependencies = (
			);
			fileSystemSynchronizedGroups = (
				D31B50F12CA38D3400F28C47 /* DiskFree */,
			);
			name = DiskFree;
			packageProductDependencies = (
			);
			productName = DiskFree;
			productReference = D31B50EF2CA38D3400F28C47 /* DiskFree.app */;
			productType = "com.apple.product-type.application";
		};
		D31B50FF2CA38D3600F28C47 /* DiskFreeTests */ = {
			isa = PBXNativeTarget;
			buildConfigurationList = D31B51172CA38D3600F28C47 /* Build configuration list for PBXNativeTarget "DiskFreeTests" */;
			buildPhases = (
				D31B50FC2CA38D3600F28C47 /* Sources */,
				D31B50FD2CA38D3600F28C47 /* Frameworks */,
				D31B50FE2CA38D3600F28C47 /* Resources */,
			);
			buildRules = (
			);
			dependencies = (
				D31B51022CA38D3600F28C47 /* PBXTargetDependency */,
			);
			fileSystemSynchronizedGroups = (
				D31B51032CA38D3600F28C47 /* DiskFreeTests */,
			);
			name = DiskFreeTests;
			packageProductDependencies = (
			);
			productName = DiskFreeTests;
			productReference = D31B51002CA38D3600F28C47 /* DiskFreeTests.xctest */;
			productType = "com.apple.product-type.bundle.unit-test";
		};
		D31B51092CA38D3600F28C47 /* DiskFreeUITests */ = {
			isa = PBXNativeTarget;
			buildConfigurationList = D31B511A2CA38D3600F28C47 /* Build configuration list for PBXNativeTarget "DiskFreeUITests" */;
			buildPhases = (
				D31B51062CA38D3600F28C47 /* Sources */,
				D31B51072CA38D3600F28C47 /* Frameworks */,
				D31B51082CA38D3600F28C47 /* Resources */,
			);
			buildRules = (
			);
			dependencies = (
				D31B510C2CA38D3600F28C47 /* PBXTargetDependency */,
			);
			fileSystemSynchronizedGroups = (
				D31B510D2CA38D3600F28C47 /* DiskFreeUITests */,
			);
			name = DiskFreeUITests;
			packageProductDependencies = (
			);
			productName = DiskFreeUITests;
			productReference = D31B510A2CA38D3600F28C47 /* DiskFreeUITests.xctest */;
			productType = "com.apple.product-type.bundle.ui-testing";
		};
/* End PBXNativeTarget section */

/* Begin PBXProject section */
		D31B50E72CA38D3400F28C47 /* Project object */ = {
			isa = PBXProject;
			attributes = {
				BuildIndependentTargetsInParallel = 1;
				LastSwiftUpdateCheck = 1600;
				LastUpgradeCheck = 1600;
				TargetAttributes = {
					D31B50EE2CA38D3400F28C47 = {
						CreatedOnToolsVersion = 16.0;
					};
					D31B50FF2CA38D3600F28C47 = {
						CreatedOnToolsVersion = 16.0;
						TestTargetID = D31B50EE2CA38D3400F28C47;
					};
					D31B51092CA38D3600F28C47 = {
						CreatedOnToolsVersion = 16.0;
						TestTargetID = D31B50EE2CA38D3400F28C47;
					};
				};
			};
			buildConfigurationList = D31B50EA2CA38D3400F28C47 /* Build configuration list for PBXProject "DiskFree" */;
			developmentRegion = en;
			hasScannedForEncodings = 0;
			knownRegions = (
				en,
				Base,
			);
			mainGroup = D31B50E62CA38D3400F28C47;
			minimizedProjectReferenceProxies = 1;
			preferredProjectObjectVersion = 77;
			productRefGroup = D31B50F02CA38D3400F28C47 /* Products */;
			projectDirPath = "";
			projectRoot = "";
			targets = (
				D31B50EE2CA38D3400F28C47 /* DiskFree */,
				D31B50FF2CA38D3600F28C47 /* DiskFreeTests */,
				D31B51092CA38D3600F28C47 /* DiskFreeUITests */,
			);
		};
/* End PBXProject section */

/* Begin PBXResourcesBuildPhase section */
		D31B50ED2CA38D3400F28C47 /* Resources */ = {
			isa = PBXResourcesBuildPhase;
			buildActionMask = 2147483647;
			files = (
			);
			runOnlyForDeploymentPostprocessing = 0;
		};
		D31B50FE2CA38D3600F28C47 /* Resources */ = {
			isa = PBXResourcesBuildPhase;
			buildActionMask = 2147483647;
			files = (
			);
			runOnlyForDeploymentPostprocessing = 0;
		};
		D31B51082CA38D3600F28C47 /* Resources */ = {
			isa = PBXResourcesBuildPhase;
			buildActionMask = 2147483647;
			files = (
			);
			runOnlyForDeploymentPostprocessing = 0;
		};
/* End PBXResourcesBuildPhase section */

/* Begin PBXSourcesBuildPhase section */
		D31B50EB2CA38D3400F28C47 /* Sources */ = {
			isa = PBXSourcesBuildPhase;
			buildActionMask = 2147483647;
			files = (
			);
			runOnlyForDeploymentPostprocessing = 0;
		};
		D31B50FC2CA38D3600F28C47 /* Sources */ = {
			isa = PBXSourcesBuildPhase;
			buildActionMask = 2147483647;
			files = (
			);
			runOnlyForDeploymentPostprocessing = 0;
		};
		D31B51062CA38D3600F28C47 /* Sources */ = {
			isa = PBXSourcesBuildPhase;
			buildActionMask = 2147483647;
			files = (
			);
			runOnlyForDeploymentPostprocessing = 0;
		};
/* End PBXSourcesBuildPhase section */

/* Begin PBXTargetDependency section */
		D31B51022CA38D3600F28C47 /* PBXTargetDependency */ = {
			isa = PBXTargetDependency;
			target = D31B50EE2CA38D3400F28C47 /* DiskFree */;
			targetProxy = D31B51012CA38D3600F28C47 /* PBXContainerItemProxy */;
		};
		D31B510C2CA38D3600F28C47 /* PBXTargetDependency */ = {
			isa = PBXTargetDependency;
			target = D31B50EE2CA38D3400F28C47 /* DiskFree */;
			targetProxy = D31B510B2CA38D3600F28C47 /* PBXContainerItemProxy */;
		};
/* End PBXTargetDependency section */

/* Begin XCBuildConfiguration section */
		D31B51122CA38D3600F28C47 /* Debug */ = {
			isa = XCBuildConfiguration;
			buildSettings = {
				ALWAYS_SEARCH_USER_PATHS = NO;
				ASSETCATALOG_COMPILER_GENERATE_SWIFT_ASSET_SYMBOL_EXTENSIONS = YES;
				CLANG_ANALYZER_NONNULL = YES;
				CLANG_ANALYZER_NUMBER_OBJECT_CONVERSION = YES_AGGRESSIVE;
				CLANG_CXX_LANGUAGE_STANDARD = "gnu++20";
				CLANG_ENABLE_MODULES = YES;
				CLANG_ENABLE_OBJC_ARC = YES;
				CLANG_ENABLE_OBJC_WEAK = YES;
				CLANG_WARN_BLOCK_CAPTURE_AUTORELEASING = YES;
				CLANG_WARN_BOOL_CONVERSION = YES;
				CLANG_WARN_COMMA = YES;
				CLANG_WARN_CONSTANT_CONVERSION = YES;
				CLANG_WARN_DEPRECATED_OBJC_IMPLEMENTATIONS = YES;
				CLANG_WARN_DIRECT_OBJC_ISA_USAGE = YES_ERROR;
				CLANG_WARN_DOCUMENTATION_COMMENTS = YES;
				CLANG_WARN_EMPTY_BODY = YES;
				CLANG_WARN_ENUM_CONVERSION = YES;
				CLANG_WARN_INFINITE_RECURSION = YES;
				CLANG_WARN_INT_CONVERSION = YES;
				CLANG_WARN_NON_LITERAL_NULL_CONVERSION = YES;
				CLANG_WARN_OBJC_IMPLICIT_RETAIN_SELF = YES;
				CLANG_WARN_OBJC_LITERAL_CONVERSION = YES;
				CLANG_WARN_OBJC_ROOT_CLASS = YES_ERROR;
				CLANG_WARN_QUOTED_INCLUDE_IN_FRAMEWORK_HEADER = YES;
				CLANG_WARN_RANGE_LOOP_ANALYSIS = YES;
				CLANG_WARN_STRICT_PROTOTYPES = YES;
				CLANG_WARN_SUSPICIOUS_MOVE = YES;
				CLANG_WARN_UNGUARDED_AVAILABILITY = YES_AGGRESSIVE;
				CLANG_WARN_UNREACHABLE_CODE = YES;
				CLANG_WARN__DUPLICATE_METHOD_MATCH = YES;
				COPY_PHASE_STRIP = NO;
				DEBUG_INFORMATION_FORMAT = dwarf;
				ENABLE_STRICT_OBJC_MSGSEND = YES;
				ENABLE_TESTABILITY = YES;
				ENABLE_USER_SCRIPT_SANDBOXING = YES;
				GCC_C_LANGUAGE_STANDARD = gnu17;
				GCC_DYNAMIC_NO_PIC = NO;
				GCC_NO_COMMON_BLOCKS = YES;
				GCC_OPTIMIZATION_LEVEL = 0;
				GCC_PREPROCESSOR_DEFINITIONS = (
					"DEBUG=1",
					"$(inherited)",
				);
				GCC_WARN_64_TO_32_BIT_CONVERSION = YES;
				GCC_WARN_ABOUT_RETURN_TYPE = YES_ERROR;
				GCC_WARN_UNDECLARED_SELECTOR = YES;
				GCC_WARN_UNINITIALIZED_AUTOS = YES_AGGRESSIVE;
				GCC_WARN_UNUSED_FUNCTION = YES;
				GCC_WARN_UNUSED_VARIABLE = YES;
				LOCALIZATION_PREFERS_STRING_CATALOGS = YES;
				MACOSX_DEPLOYMENT_TARGET = 15.0;
				MTL_ENABLE_DEBUG_INFO = INCLUDE_SOURCE;
				MTL_FAST_MATH = YES;
				ONLY_ACTIVE_ARCH = YES;
				SDKROOT = macosx;
				SWIFT_ACTIVE_COMPILATION_CONDITIONS = "DEBUG $(inherited)";
				SWIFT_OPTIMIZATION_LEVEL = "-Onone";
			};
			name = Debug;
		};
		D31B51132CA38D3600F28C47 /* Release */ = {
			isa = XCBuildConfiguration;
			buildSettings = {
				ALWAYS_SEARCH_USER_PATHS = NO;
				ASSETCATALOG_COMPILER_GENERATE_SWIFT_ASSET_SYMBOL_EXTENSIONS = YES;
				CLANG_ANALYZER_NONNULL = YES;
				CLANG_ANALYZER_NUMBER_OBJECT_CONVERSION = YES_AGGRESSIVE;
				CLANG_CXX_LANGUAGE_STANDARD = "gnu++20";
				CLANG_ENABLE_MODULES = YES;
				CLANG_ENABLE_OBJC_ARC = YES;
				CLANG_ENABLE_OBJC_WEAK = YES;
				CLANG_WARN_BLOCK_CAPTURE_AUTORELEASING = YES;
				CLANG_WARN_BOOL_CONVERSION = YES;
				CLANG_WARN_COMMA = YES;
				CLANG_WARN_CONSTANT_CONVERSION = YES;
				CLANG_WARN_DEPRECATED_OBJC_IMPLEMENTATIONS = YES;
				CLANG_WARN_DIRECT_OBJC_ISA_USAGE = YES_ERROR;
				CLANG_WARN_DOCUMENTATION_COMMENTS = YES;
				CLANG_WARN_EMPTY_BODY = YES;
				CLANG_WARN_ENUM_CONVERSION = YES;
				CLANG_WARN_INFINITE_RECURSION = YES;
				CLANG_WARN_INT_CONVERSION = YES;
				CLANG_WARN_NON_LITERAL_NULL_CONVERSION = YES;
				CLANG_WARN_OBJC_IMPLICIT_RETAIN_SELF = YES;
				CLANG_WARN_OBJC_LITERAL_CONVERSION = YES;
				CLANG_WARN_OBJC_ROOT_CLASS = YES_ERROR;
				CLANG_WARN_QUOTED_INCLUDE_IN_FRAMEWORK_HEADER = YES;
				CLANG_WARN_RANGE_LOOP_ANALYSIS = YES;
				CLANG_WARN_STRICT_PROTOTYPES = YES;
				CLANG_WARN_SUSPICIOUS_MOVE = YES;
				CLANG_WARN_UNGUARDED_AVAILABILITY = YES_AGGRESSIVE;
				CLANG_WARN_UNREACHABLE_CODE = YES;
				CLANG_WARN__DUPLICATE_METHOD_MATCH = YES;
				COPY_PHASE_STRIP = NO;
				DEBUG_INFORMATION_FORMAT = "dwarf-with-dsym";
				ENABLE_NS_ASSERTIONS = NO;
				ENABLE_STRICT_OBJC_MSGSEND = YES;
				ENABLE_USER_SCRIPT_SANDBOXING = YES;
				GCC_C_LANGUAGE_STANDARD = gnu17;
				GCC_NO_COMMON_BLOCKS = YES;
				GCC_WARN_64_TO_32_BIT_CONVERSION = YES;
				GCC_WARN_ABOUT_RETURN_TYPE = YES_ERROR;
				GCC_WARN_UNDECLARED_SELECTOR = YES;
				GCC_WARN_UNINITIALIZED_AUTOS = YES_AGGRESSIVE;
				GCC_WARN_UNUSED_FUNCTION = YES;
				GCC_WARN_UNUSED_VARIABLE = YES;
				LOCALIZATION_PREFERS_STRING_CATALOGS = YES;
				MACOSX_DEPLOYMENT_TARGET = 15.0;
				MTL_ENABLE_DEBUG_INFO = NO;
				MTL_FAST_MATH = YES;
				SDKROOT = macosx;
				SWIFT_COMPILATION_MODE = wholemodule;
			};
			name = Release;
		};
		D31B51152CA38D3600F28C47 /* Debug */ = {
			isa = XCBuildConfiguration;
			buildSettings = {
				ASSETCATALOG_COMPILER_APPICON_NAME = AppIcon;
				ASSETCATALOG_COMPILER_GLOBAL_ACCENT_COLOR_NAME = AccentColor;
				CODE_SIGN_ENTITLEMENTS = DiskFree/DiskFree.entitlements;
				CODE_SIGN_STYLE = Automatic;
				COMBINE_HIDPI_IMAGES = YES;
				CURRENT_PROJECT_VERSION = 1;
				DEVELOPMENT_ASSET_PATHS = "\"DiskFree/Preview Content\"";
				DEVELOPMENT_TEAM = G3L75S65V9;
				ENABLE_HARDENED_RUNTIME = YES;
				ENABLE_PREVIEWS = YES;
				GENERATE_INFOPLIST_FILE = YES;
				INFOPLIST_KEY_NSHumanReadableCopyright = "";
				LD_RUNPATH_SEARCH_PATHS = (
					"$(inherited)",
					"@executable_path/../Frameworks",
				);
				MARKETING_VERSION = 1.0;
				PRODUCT_BUNDLE_IDENTIFIER = com.DiskFree;
				PRODUCT_NAME = "$(TARGET_NAME)";
				SWIFT_EMIT_LOC_STRINGS = YES;
				SWIFT_VERSION = 5.0;
			};
			name = Debug;
		};
		D31B51162CA38D3600F28C47 /* Release */ = {
			isa = XCBuildConfiguration;
			buildSettings = {
				ASSETCATALOG_COMPILER_APPICON_NAME = AppIcon;
				ASSETCATALOG_COMPILER_GLOBAL_ACCENT_COLOR_NAME = AccentColor;
				CODE_SIGN_ENTITLEMENTS = DiskFree/DiskFree.entitlements;
				CODE_SIGN_STYLE = Automatic;
				COMBINE_HIDPI_IMAGES = YES;
				CURRENT_PROJECT_VERSION = 1;
				DEVELOPMENT_ASSET_PATHS = "\"DiskFree/Preview Content\"";
				DEVELOPMENT_TEAM = G3L75S65V9;
				ENABLE_HARDENED_RUNTIME = YES;
				ENABLE_PREVIEWS = YES;
				GENERATE_INFOPLIST_FILE = YES;
				INFOPLIST_KEY_NSHumanReadableCopyright = "";
				LD_RUNPATH_SEARCH_PATHS = (
					"$(inherited)",
					"@executable_path/../Frameworks",
				);
				MARKETING_VERSION = 1.0;
				PRODUCT_BUNDLE_IDENTIFIER = com.DiskFree;
				PRODUCT_NAME = "$(TARGET_NAME)";
				SWIFT_EMIT_LOC_STRINGS = YES;
				SWIFT_VERSION = 5.0;
			};
			name = Release;
		};
		D31B51182CA38D3600F28C47 /* Debug */ = {
			isa = XCBuildConfiguration;
			buildSettings = {
				BUNDLE_LOADER = "$(TEST_HOST)";
				CODE_SIGN_STYLE = Automatic;
				CURRENT_PROJECT_VERSION = 1;
				DEVELOPMENT_TEAM = G3L75S65V9;
				GENERATE_INFOPLIST_FILE = YES;
				MACOSX_DEPLOYMENT_TARGET = 15.0;
				MARKETING_VERSION = 1.0;
				PRODUCT_BUNDLE_IDENTIFIER = com.DiskFreeTests;
				PRODUCT_NAME = "$(TARGET_NAME)";
				SWIFT_EMIT_LOC_STRINGS = NO;
				SWIFT_VERSION = 5.0;
				TEST_HOST = "$(BUILT_PRODUCTS_DIR)/DiskFree.app/$(BUNDLE_EXECUTABLE_FOLDER_PATH)/DiskFree";
			};
			name = Debug;
		};
		D31B51192CA38D3600F28C47 /* Release */ = {
			isa = XCBuildConfiguration;
			buildSettings = {
				BUNDLE_LOADER = "$(TEST_HOST)";
				CODE_SIGN_STYLE = Automatic;
				CURRENT_PROJECT_VERSION = 1;
				DEVELOPMENT_TEAM = G3L75S65V9;
				GENERATE_INFOPLIST_FILE = YES;
				MACOSX_DEPLOYMENT_TARGET = 15.0;
				MARKETING_VERSION = 1.0;
				PRODUCT_BUNDLE_IDENTIFIER = com.DiskFreeTests;
				PRODUCT_NAME = "$(TARGET_NAME)";
				SWIFT_EMIT_LOC_STRINGS = NO;
				SWIFT_VERSION = 5.0;
				TEST_HOST = "$(BUILT_PRODUCTS_DIR)/DiskFree.app/$(BUNDLE_EXECUTABLE_FOLDER_PATH)/DiskFree";
			};
			name = Release;
		};
		D31B511B2CA38D3600F28C47 /* Debug */ = {
			isa = XCBuildConfiguration;
			buildSettings = {
				CODE_SIGN_STYLE = Automatic;
				CURRENT_PROJECT_VERSION = 1;
				DEVELOPMENT_TEAM = G3L75S65V9;
				GENERATE_INFOPLIST_FILE = YES;
				MARKETING_VERSION = 1.0;
				PRODUCT_BUNDLE_IDENTIFIER = com.DiskFreeUITests;
				PRODUCT_NAME = "$(TARGET_NAME)";
				SWIFT_EMIT_LOC_STRINGS = NO;
				SWIFT_VERSION = 5.0;
				TEST_TARGET_NAME = DiskFree;
			};
			name = Debug;
		};
		D31B511C2CA38D3600F28C47 /* Release */ = {
			isa = XCBuildConfiguration;
			buildSettings = {
				CODE_SIGN_STYLE = Automatic;
				CURRENT_PROJECT_VERSION = 1;
				DEVELOPMENT_TEAM = G3L75S65V9;
				GENERATE_INFOPLIST_FILE = YES;
				MARKETING_VERSION = 1.0;
				PRODUCT_BUNDLE_IDENTIFIER = com.DiskFreeUITests;
				PRODUCT_NAME = "$(TARGET_NAME)";
				SWIFT_EMIT_LOC_STRINGS = NO;
				SWIFT_VERSION = 5.0;
				TEST_TARGET_NAME = DiskFree;
			};
			name = Release;
		};
/* End XCBuildConfiguration section */

/* Begin XCConfigurationList section */
		D31B50EA2CA38D3400F28C47 /* Build configuration list for PBXProject "DiskFree" */ = {
			isa = XCConfigurationList;
			buildConfigurations = (
				D31B51122CA38D3600F28C47 /* Debug */,
				D31B51132CA38D3600F28C47 /* Release */,
			);
			defaultConfigurationIsVisible = 0;
			defaultConfigurationName = Release;
		};
		D31B51142CA38D3600F28C47 /* Build configuration list for PBXNativeTarget "DiskFree" */ = {
			isa = XCConfigurationList;
			buildConfigurations = (
				D31B51152CA38D3600F28C47 /* Debug */,
				D31B51162CA38D3600F28C47 /* Release */,
			);
			defaultConfigurationIsVisible = 0;
			defaultConfigurationName = Release;
		};
		D31B51172CA38D3600F28C47 /* Build configuration list for PBXNativeTarget "DiskFreeTests" */ = {
			isa = XCConfigurationList;
			buildConfigurations = (
				D31B51182CA38D3600F28C47 /* Debug */,
				D31B51192CA38D3600F28C47 /* Release */,
			);
			defaultConfigurationIsVisible = 0;
			defaultConfigurationName = Release;
		};
		D31B511A2CA38D3600F28C47 /* Build configuration list for PBXNativeTarget "DiskFreeUITests" */ = {
			isa = XCConfigurationList;
			buildConfigurations = (
				D31B511B2CA38D3600F28C47 /* Debug */,
				D31B511C2CA38D3600F28C47 /* Release */,
			);
			defaultConfigurationIsVisible = 0;
			defaultConfigurationName = Release;
		};
/* End XCConfigurationList section */
	};
	rootObject = D31B50E72CA38D3400F28C47 /* Project object */;
}
